// !$*UTF8*$!
{
	archiveVersion = 1;
	classes = {
	};
	objectVersion = 55;
	objects = {

/* Begin PBXBuildFile section */
		30BAF87B7FC4811161D39BB3 /* Pods_FLIXTests.framework in Frameworks */ = {isa = PBXBuildFile; fileRef = 40AEE0E5D30265D4F000031B /* Pods_FLIXTests.framework */; };
		7852A2ADB325E8AB6ED8AB05 /* Pods_FLIX.framework in Frameworks */ = {isa = PBXBuildFile; fileRef = EEE306124D9C90B913FBFE9B /* Pods_FLIX.framework */; };
		87407C635043EDF3D22FF464 /* Pods_FLIX_FLIXUITests.framework in Frameworks */ = {isa = PBXBuildFile; fileRef = E58F4D173A0C5D45E5B3502D /* Pods_FLIX_FLIXUITests.framework */; };
		DA2B118427CC2C0400B69DA3 /* AppDelegate.swift in Sources */ = {isa = PBXBuildFile; fileRef = DA2B118327CC2C0400B69DA3 /* AppDelegate.swift */; };
		DA2B118627CC2C0400B69DA3 /* SceneDelegate.swift in Sources */ = {isa = PBXBuildFile; fileRef = DA2B118527CC2C0400B69DA3 /* SceneDelegate.swift */; };
		DA2B118827CC2C0400B69DA3 /* MovieViewController.swift in Sources */ = {isa = PBXBuildFile; fileRef = DA2B118727CC2C0400B69DA3 /* MovieViewController.swift */; };
		DA2B118B27CC2C0400B69DA3 /* Main.storyboard in Resources */ = {isa = PBXBuildFile; fileRef = DA2B118927CC2C0400B69DA3 /* Main.storyboard */; };
		DA2B118D27CC2C0600B69DA3 /* Assets.xcassets in Resources */ = {isa = PBXBuildFile; fileRef = DA2B118C27CC2C0600B69DA3 /* Assets.xcassets */; };
		DA2B119027CC2C0600B69DA3 /* LaunchScreen.storyboard in Resources */ = {isa = PBXBuildFile; fileRef = DA2B118E27CC2C0600B69DA3 /* LaunchScreen.storyboard */; };
		DA2B119B27CC2C0600B69DA3 /* FLIXTests.swift in Sources */ = {isa = PBXBuildFile; fileRef = DA2B119A27CC2C0600B69DA3 /* FLIXTests.swift */; };
		DA2B11A527CC2C0600B69DA3 /* FLIXUITests.swift in Sources */ = {isa = PBXBuildFile; fileRef = DA2B11A427CC2C0600B69DA3 /* FLIXUITests.swift */; };
		DA2B11A727CC2C0600B69DA3 /* FLIXUITestsLaunchTests.swift in Sources */ = {isa = PBXBuildFile; fileRef = DA2B11A627CC2C0600B69DA3 /* FLIXUITestsLaunchTests.swift */; };
		DA2B11B827CC2F5200B69DA3 /* MovieCell.swift in Sources */ = {isa = PBXBuildFile; fileRef = DA2B11B727CC2F5100B69DA3 /* MovieCell.swift */; };
		DA2B11BB27CC35FB00B69DA3 /* AlamofireImage in Frameworks */ = {isa = PBXBuildFile; productRef = DA2B11BA27CC35FB00B69DA3 /* AlamofireImage */; };
		DAE1C30927D5429B00EBB489 /* MovieDetailsViewController.swift in Sources */ = {isa = PBXBuildFile; fileRef = DAE1C30827D5429B00EBB489 /* MovieDetailsViewController.swift */; };
		DAE1C30B27D54E4D00EBB489 /* MovieGridViewController.swift in Sources */ = {isa = PBXBuildFile; fileRef = DAE1C30A27D54E4D00EBB489 /* MovieGridViewController.swift */; };
		DAE1C30F27D5731D00EBB489 /* MovieGridCell.swift in Sources */ = {isa = PBXBuildFile; fileRef = DAE1C30E27D5731D00EBB489 /* MovieGridCell.swift */; };
/* End PBXBuildFile section */

/* Begin PBXContainerItemProxy section */
		DA2B119727CC2C0600B69DA3 /* PBXContainerItemProxy */ = {
			isa = PBXContainerItemProxy;
			containerPortal = DA2B117827CC2C0400B69DA3 /* Project object */;
			proxyType = 1;
			remoteGlobalIDString = DA2B117F27CC2C0400B69DA3;
			remoteInfo = FLIX;
		};
		DA2B11A127CC2C0600B69DA3 /* PBXContainerItemProxy */ = {
			isa = PBXContainerItemProxy;
			containerPortal = DA2B117827CC2C0400B69DA3 /* Project object */;
			proxyType = 1;
			remoteGlobalIDString = DA2B117F27CC2C0400B69DA3;
			remoteInfo = FLIX;
		};
/* End PBXContainerItemProxy section */

/* Begin PBXFileReference section */
		108A343A17843C92554D4216 /* Pods-FLIX-FLIXUITests.debug.xcconfig */ = {isa = PBXFileReference; includeInIndex = 1; lastKnownFileType = text.xcconfig; name = "Pods-FLIX-FLIXUITests.debug.xcconfig"; path = "Target Support Files/Pods-FLIX-FLIXUITests/Pods-FLIX-FLIXUITests.debug.xcconfig"; sourceTree = "<group>"; };
		40AEE0E5D30265D4F000031B /* Pods_FLIXTests.framework */ = {isa = PBXFileReference; explicitFileType = wrapper.framework; includeInIndex = 0; path = Pods_FLIXTests.framework; sourceTree = BUILT_PRODUCTS_DIR; };
		494A6A1618EE8D78064673B2 /* Pods-FLIXTests.release.xcconfig */ = {isa = PBXFileReference; includeInIndex = 1; lastKnownFileType = text.xcconfig; name = "Pods-FLIXTests.release.xcconfig"; path = "Target Support Files/Pods-FLIXTests/Pods-FLIXTests.release.xcconfig"; sourceTree = "<group>"; };
		74995A1009DC295FCAAB836F /* Pods-FLIX.debug.xcconfig */ = {isa = PBXFileReference; includeInIndex = 1; lastKnownFileType = text.xcconfig; name = "Pods-FLIX.debug.xcconfig"; path = "Target Support Files/Pods-FLIX/Pods-FLIX.debug.xcconfig"; sourceTree = "<group>"; };
		812E114AE679E75879FFFE32 /* Pods-FLIXTests.debug.xcconfig */ = {isa = PBXFileReference; includeInIndex = 1; lastKnownFileType = text.xcconfig; name = "Pods-FLIXTests.debug.xcconfig"; path = "Target Support Files/Pods-FLIXTests/Pods-FLIXTests.debug.xcconfig"; sourceTree = "<group>"; };
		82E9AA0D0FFACE4FD2BF2E79 /* Pods-FLIX.release.xcconfig */ = {isa = PBXFileReference; includeInIndex = 1; lastKnownFileType = text.xcconfig; name = "Pods-FLIX.release.xcconfig"; path = "Target Support Files/Pods-FLIX/Pods-FLIX.release.xcconfig"; sourceTree = "<group>"; };
		CB4AEB8EBAD8C209E45F2099 /* Pods-FLIX-FLIXUITests.release.xcconfig */ = {isa = PBXFileReference; includeInIndex = 1; lastKnownFileType = text.xcconfig; name = "Pods-FLIX-FLIXUITests.release.xcconfig"; path = "Target Support Files/Pods-FLIX-FLIXUITests/Pods-FLIX-FLIXUITests.release.xcconfig"; sourceTree = "<group>"; };
		DA2B118027CC2C0400B69DA3 /* FLIX.app */ = {isa = PBXFileReference; explicitFileType = wrapper.application; includeInIndex = 0; path = FLIX.app; sourceTree = BUILT_PRODUCTS_DIR; };
		DA2B118327CC2C0400B69DA3 /* AppDelegate.swift */ = {isa = PBXFileReference; lastKnownFileType = sourcecode.swift; path = AppDelegate.swift; sourceTree = "<group>"; };
		DA2B118527CC2C0400B69DA3 /* SceneDelegate.swift */ = {isa = PBXFileReference; lastKnownFileType = sourcecode.swift; path = SceneDelegate.swift; sourceTree = "<group>"; };
		DA2B118727CC2C0400B69DA3 /* MovieViewController.swift */ = {isa = PBXFileReference; lastKnownFileType = sourcecode.swift; path = MovieViewController.swift; sourceTree = "<group>"; };
		DA2B118A27CC2C0400B69DA3 /* Base */ = {isa = PBXFileReference; lastKnownFileType = file.storyboard; name = Base; path = Base.lproj/Main.storyboard; sourceTree = "<group>"; };
		DA2B118C27CC2C0600B69DA3 /* Assets.xcassets */ = {isa = PBXFileReference; lastKnownFileType = folder.assetcatalog; path = Assets.xcassets; sourceTree = "<group>"; };
		DA2B118F27CC2C0600B69DA3 /* Base */ = {isa = PBXFileReference; lastKnownFileType = file.storyboard; name = Base; path = Base.lproj/LaunchScreen.storyboard; sourceTree = "<group>"; };
		DA2B119127CC2C0600B69DA3 /* Info.plist */ = {isa = PBXFileReference; lastKnownFileType = text.plist.xml; path = Info.plist; sourceTree = "<group>"; };
		DA2B119627CC2C0600B69DA3 /* FLIXTests.xctest */ = {isa = PBXFileReference; explicitFileType = wrapper.cfbundle; includeInIndex = 0; path = FLIXTests.xctest; sourceTree = BUILT_PRODUCTS_DIR; };
		DA2B119A27CC2C0600B69DA3 /* FLIXTests.swift */ = {isa = PBXFileReference; lastKnownFileType = sourcecode.swift; path = FLIXTests.swift; sourceTree = "<group>"; };
		DA2B11A027CC2C0600B69DA3 /* FLIXUITests.xctest */ = {isa = PBXFileReference; explicitFileType = wrapper.cfbundle; includeInIndex = 0; path = FLIXUITests.xctest; sourceTree = BUILT_PRODUCTS_DIR; };
		DA2B11A427CC2C0600B69DA3 /* FLIXUITests.swift */ = {isa = PBXFileReference; lastKnownFileType = sourcecode.swift; path = FLIXUITests.swift; sourceTree = "<group>"; };
		DA2B11A627CC2C0600B69DA3 /* FLIXUITestsLaunchTests.swift */ = {isa = PBXFileReference; lastKnownFileType = sourcecode.swift; path = FLIXUITestsLaunchTests.swift; sourceTree = "<group>"; };
		DA2B11B727CC2F5100B69DA3 /* MovieCell.swift */ = {isa = PBXFileReference; lastKnownFileType = sourcecode.swift; path = MovieCell.swift; sourceTree = "<group>"; };
		DAE1C30827D5429B00EBB489 /* MovieDetailsViewController.swift */ = {isa = PBXFileReference; lastKnownFileType = sourcecode.swift; path = MovieDetailsViewController.swift; sourceTree = "<group>"; };
		DAE1C30A27D54E4D00EBB489 /* MovieGridViewController.swift */ = {isa = PBXFileReference; lastKnownFileType = sourcecode.swift; path = MovieGridViewController.swift; sourceTree = "<group>"; };
		DAE1C30E27D5731D00EBB489 /* MovieGridCell.swift */ = {isa = PBXFileReference; lastKnownFileType = sourcecode.swift; path = MovieGridCell.swift; sourceTree = "<group>"; };
		E58F4D173A0C5D45E5B3502D /* Pods_FLIX_FLIXUITests.framework */ = {isa = PBXFileReference; explicitFileType = wrapper.framework; includeInIndex = 0; path = Pods_FLIX_FLIXUITests.framework; sourceTree = BUILT_PRODUCTS_DIR; };
		EEE306124D9C90B913FBFE9B /* Pods_FLIX.framework */ = {isa = PBXFileReference; explicitFileType = wrapper.framework; includeInIndex = 0; path = Pods_FLIX.framework; sourceTree = BUILT_PRODUCTS_DIR; };
/* End PBXFileReference section */

/* Begin PBXFrameworksBuildPhase section */
		DA2B117D27CC2C0400B69DA3 /* Frameworks */ = {
			isa = PBXFrameworksBuildPhase;
			buildActionMask = 2147483647;
			files = (
				DA2B11BB27CC35FB00B69DA3 /* AlamofireImage in Frameworks */,
				7852A2ADB325E8AB6ED8AB05 /* Pods_FLIX.framework in Frameworks */,
			);
			runOnlyForDeploymentPostprocessing = 0;
		};
		DA2B119327CC2C0600B69DA3 /* Frameworks */ = {
			isa = PBXFrameworksBuildPhase;
			buildActionMask = 2147483647;
			files = (
				30BAF87B7FC4811161D39BB3 /* Pods_FLIXTests.framework in Frameworks */,
			);
			runOnlyForDeploymentPostprocessing = 0;
		};
		DA2B119D27CC2C0600B69DA3 /* Frameworks */ = {
			isa = PBXFrameworksBuildPhase;
			buildActionMask = 2147483647;
			files = (
				87407C635043EDF3D22FF464 /* Pods_FLIX_FLIXUITests.framework in Frameworks */,
			);
			runOnlyForDeploymentPostprocessing = 0;
		};
/* End PBXFrameworksBuildPhase section */

/* Begin PBXGroup section */
		012315323A04046D9E472424 /* Frameworks */ = {
			isa = PBXGroup;
			children = (
				EEE306124D9C90B913FBFE9B /* Pods_FLIX.framework */,
				E58F4D173A0C5D45E5B3502D /* Pods_FLIX_FLIXUITests.framework */,
				40AEE0E5D30265D4F000031B /* Pods_FLIXTests.framework */,
			);
			name = Frameworks;
			sourceTree = "<group>";
		};
		B8F8ED5611D9BD0F21A64509 /* Pods */ = {
			isa = PBXGroup;
			children = (
				74995A1009DC295FCAAB836F /* Pods-FLIX.debug.xcconfig */,
				82E9AA0D0FFACE4FD2BF2E79 /* Pods-FLIX.release.xcconfig */,
				108A343A17843C92554D4216 /* Pods-FLIX-FLIXUITests.debug.xcconfig */,
				CB4AEB8EBAD8C209E45F2099 /* Pods-FLIX-FLIXUITests.release.xcconfig */,
				812E114AE679E75879FFFE32 /* Pods-FLIXTests.debug.xcconfig */,
				494A6A1618EE8D78064673B2 /* Pods-FLIXTests.release.xcconfig */,
			);
			path = Pods;
			sourceTree = "<group>";
		};
		DA2B117727CC2C0400B69DA3 = {
			isa = PBXGroup;
			children = (
				DA2B118227CC2C0400B69DA3 /* FLIX */,
				DA2B119927CC2C0600B69DA3 /* FLIXTests */,
				DA2B11A327CC2C0600B69DA3 /* FLIXUITests */,
				DA2B118127CC2C0400B69DA3 /* Products */,
				B8F8ED5611D9BD0F21A64509 /* Pods */,
				012315323A04046D9E472424 /* Frameworks */,
			);
			sourceTree = "<group>";
		};
		DA2B118127CC2C0400B69DA3 /* Products */ = {
			isa = PBXGroup;
			children = (
				DA2B118027CC2C0400B69DA3 /* FLIX.app */,
				DA2B119627CC2C0600B69DA3 /* FLIXTests.xctest */,
				DA2B11A027CC2C0600B69DA3 /* FLIXUITests.xctest */,
			);
			name = Products;
			sourceTree = "<group>";
		};
		DA2B118227CC2C0400B69DA3 /* FLIX */ = {
			isa = PBXGroup;
			children = (
				DA2B118327CC2C0400B69DA3 /* AppDelegate.swift */,
				DA2B118527CC2C0400B69DA3 /* SceneDelegate.swift */,
				DA2B11B727CC2F5100B69DA3 /* MovieCell.swift */,
				DA2B118727CC2C0400B69DA3 /* MovieViewController.swift */,
				DA2B118927CC2C0400B69DA3 /* Main.storyboard */,
				DA2B118C27CC2C0600B69DA3 /* Assets.xcassets */,
				DA2B118E27CC2C0600B69DA3 /* LaunchScreen.storyboard */,
				DA2B119127CC2C0600B69DA3 /* Info.plist */,
				DAE1C30827D5429B00EBB489 /* MovieDetailsViewController.swift */,
				DAE1C30A27D54E4D00EBB489 /* MovieGridViewController.swift */,
				DAE1C30E27D5731D00EBB489 /* MovieGridCell.swift */,
			);
			path = FLIX;
			sourceTree = "<group>";
		};
		DA2B119927CC2C0600B69DA3 /* FLIXTests */ = {
			isa = PBXGroup;
			children = (
				DA2B119A27CC2C0600B69DA3 /* FLIXTests.swift */,
			);
			path = FLIXTests;
			sourceTree = "<group>";
		};
		DA2B11A327CC2C0600B69DA3 /* FLIXUITests */ = {
			isa = PBXGroup;
			children = (
				DA2B11A427CC2C0600B69DA3 /* FLIXUITests.swift */,
				DA2B11A627CC2C0600B69DA3 /* FLIXUITestsLaunchTests.swift */,
			);
			path = FLIXUITests;
			sourceTree = "<group>";
		};
/* End PBXGroup section */

/* Begin PBXNativeTarget section */
		DA2B117F27CC2C0400B69DA3 /* FLIX */ = {
			isa = PBXNativeTarget;
			buildConfigurationList = DA2B11AA27CC2C0600B69DA3 /* Build configuration list for PBXNativeTarget "FLIX" */;
			buildPhases = (
				D91E02DED58053124373C25B /* [CP] Check Pods Manifest.lock */,
				DA2B117C27CC2C0400B69DA3 /* Sources */,
				DA2B117D27CC2C0400B69DA3 /* Frameworks */,
				DA2B117E27CC2C0400B69DA3 /* Resources */,
				0DA75096C396F65ABA9E309C /* [CP] Embed Pods Frameworks */,
			);
			buildRules = (
			);
			dependencies = (
			);
			name = FLIX;
			packageProductDependencies = (
				DA2B11BA27CC35FB00B69DA3 /* AlamofireImage */,
			);
			productName = FLIX;
			productReference = DA2B118027CC2C0400B69DA3 /* FLIX.app */;
			productType = "com.apple.product-type.application";
		};
		DA2B119527CC2C0600B69DA3 /* FLIXTests */ = {
			isa = PBXNativeTarget;
			buildConfigurationList = DA2B11AD27CC2C0600B69DA3 /* Build configuration list for PBXNativeTarget "FLIXTests" */;
			buildPhases = (
				2B5EDEBC77E1F4B839822A3F /* [CP] Check Pods Manifest.lock */,
				DA2B119227CC2C0600B69DA3 /* Sources */,
				DA2B119327CC2C0600B69DA3 /* Frameworks */,
				DA2B119427CC2C0600B69DA3 /* Resources */,
			);
			buildRules = (
			);
			dependencies = (
				DA2B119827CC2C0600B69DA3 /* PBXTargetDependency */,
			);
			name = FLIXTests;
			productName = FLIXTests;
			productReference = DA2B119627CC2C0600B69DA3 /* FLIXTests.xctest */;
			productType = "com.apple.product-type.bundle.unit-test";
		};
		DA2B119F27CC2C0600B69DA3 /* FLIXUITests */ = {
			isa = PBXNativeTarget;
			buildConfigurationList = DA2B11B027CC2C0600B69DA3 /* Build configuration list for PBXNativeTarget "FLIXUITests" */;
			buildPhases = (
				D69FF00BD1D816A10471A974 /* [CP] Check Pods Manifest.lock */,
				DA2B119C27CC2C0600B69DA3 /* Sources */,
				DA2B119D27CC2C0600B69DA3 /* Frameworks */,
				DA2B119E27CC2C0600B69DA3 /* Resources */,
				64F59009D40C8F4F9A1F8A2F /* [CP] Embed Pods Frameworks */,
			);
			buildRules = (
			);
			dependencies = (
				DA2B11A227CC2C0600B69DA3 /* PBXTargetDependency */,
			);
			name = FLIXUITests;
			productName = FLIXUITests;
			productReference = DA2B11A027CC2C0600B69DA3 /* FLIXUITests.xctest */;
			productType = "com.apple.product-type.bundle.ui-testing";
		};
/* End PBXNativeTarget section */

/* Begin PBXProject section */
		DA2B117827CC2C0400B69DA3 /* Project object */ = {
			isa = PBXProject;
			attributes = {
				BuildIndependentTargetsInParallel = 1;
				LastSwiftUpdateCheck = 1320;
				LastUpgradeCheck = 1320;
				TargetAttributes = {
					DA2B117F27CC2C0400B69DA3 = {
						CreatedOnToolsVersion = 13.2;
					};
					DA2B119527CC2C0600B69DA3 = {
						CreatedOnToolsVersion = 13.2;
						TestTargetID = DA2B117F27CC2C0400B69DA3;
					};
					DA2B119F27CC2C0600B69DA3 = {
						CreatedOnToolsVersion = 13.2;
						TestTargetID = DA2B117F27CC2C0400B69DA3;
					};
				};
			};
			buildConfigurationList = DA2B117B27CC2C0400B69DA3 /* Build configuration list for PBXProject "FLIX" */;
			compatibilityVersion = "Xcode 13.0";
			developmentRegion = en;
			hasScannedForEncodings = 0;
			knownRegions = (
				en,
				Base,
			);
			mainGroup = DA2B117727CC2C0400B69DA3;
			packageReferences = (
				DA2B11B927CC35FA00B69DA3 /* XCRemoteSwiftPackageReference "AlamofireImage" */,
			);
			productRefGroup = DA2B118127CC2C0400B69DA3 /* Products */;
			projectDirPath = "";
			projectRoot = "";
			targets = (
				DA2B117F27CC2C0400B69DA3 /* FLIX */,
				DA2B119527CC2C0600B69DA3 /* FLIXTests */,
				DA2B119F27CC2C0600B69DA3 /* FLIXUITests */,
			);
		};
/* End PBXProject section */

/* Begin PBXResourcesBuildPhase section */
		DA2B117E27CC2C0400B69DA3 /* Resources */ = {
			isa = PBXResourcesBuildPhase;
			buildActionMask = 2147483647;
			files = (
				DA2B119027CC2C0600B69DA3 /* LaunchScreen.storyboard in Resources */,
				DA2B118D27CC2C0600B69DA3 /* Assets.xcassets in Resources */,
				DA2B118B27CC2C0400B69DA3 /* Main.storyboard in Resources */,
			);
			runOnlyForDeploymentPostprocessing = 0;
		};
		DA2B119427CC2C0600B69DA3 /* Resources */ = {
			isa = PBXResourcesBuildPhase;
			buildActionMask = 2147483647;
			files = (
			);
			runOnlyForDeploymentPostprocessing = 0;
		};
		DA2B119E27CC2C0600B69DA3 /* Resources */ = {
			isa = PBXResourcesBuildPhase;
			buildActionMask = 2147483647;
			files = (
			);
			runOnlyForDeploymentPostprocessing = 0;
		};
/* End PBXResourcesBuildPhase section */

/* Begin PBXShellScriptBuildPhase section */
		0DA75096C396F65ABA9E309C /* [CP] Embed Pods Frameworks */ = {
			isa = PBXShellScriptBuildPhase;
			buildActionMask = 2147483647;
			files = (
			);
			inputFileListPaths = (
				"${PODS_ROOT}/Target Support Files/Pods-FLIX/Pods-FLIX-frameworks-${CONFIGURATION}-input-files.xcfilelist",
			);
			name = "[CP] Embed Pods Frameworks";
			outputFileListPaths = (
				"${PODS_ROOT}/Target Support Files/Pods-FLIX/Pods-FLIX-frameworks-${CONFIGURATION}-output-files.xcfilelist",
			);
			runOnlyForDeploymentPostprocessing = 0;
			shellPath = /bin/sh;
			shellScript = "\"${PODS_ROOT}/Target Support Files/Pods-FLIX/Pods-FLIX-frameworks.sh\"\n";
			showEnvVarsInLog = 0;
		};
		2B5EDEBC77E1F4B839822A3F /* [CP] Check Pods Manifest.lock */ = {
			isa = PBXShellScriptBuildPhase;
			buildActionMask = 2147483647;
			files = (
			);
			inputFileListPaths = (
			);
			inputPaths = (
				"${PODS_PODFILE_DIR_PATH}/Podfile.lock",
				"${PODS_ROOT}/Manifest.lock",
			);
			name = "[CP] Check Pods Manifest.lock";
			outputFileListPaths = (
			);
			outputPaths = (
				"$(DERIVED_FILE_DIR)/Pods-FLIXTests-checkManifestLockResult.txt",
			);
			runOnlyForDeploymentPostprocessing = 0;
			shellPath = /bin/sh;
			shellScript = "diff \"${PODS_PODFILE_DIR_PATH}/Podfile.lock\" \"${PODS_ROOT}/Manifest.lock\" > /dev/null\nif [ $? != 0 ] ; then\n    # print error to STDERR\n    echo \"error: The sandbox is not in sync with the Podfile.lock. Run 'pod install' or update your CocoaPods installation.\" >&2\n    exit 1\nfi\n# This output is used by Xcode 'outputs' to avoid re-running this script phase.\necho \"SUCCESS\" > \"${SCRIPT_OUTPUT_FILE_0}\"\n";
			showEnvVarsInLog = 0;
		};
		64F59009D40C8F4F9A1F8A2F /* [CP] Embed Pods Frameworks */ = {
			isa = PBXShellScriptBuildPhase;
			buildActionMask = 2147483647;
			files = (
			);
			inputFileListPaths = (
				"${PODS_ROOT}/Target Support Files/Pods-FLIX-FLIXUITests/Pods-FLIX-FLIXUITests-frameworks-${CONFIGURATION}-input-files.xcfilelist",
			);
			name = "[CP] Embed Pods Frameworks";
			outputFileListPaths = (
				"${PODS_ROOT}/Target Support Files/Pods-FLIX-FLIXUITests/Pods-FLIX-FLIXUITests-frameworks-${CONFIGURATION}-output-files.xcfilelist",
			);
			runOnlyForDeploymentPostprocessing = 0;
			shellPath = /bin/sh;
			shellScript = "\"${PODS_ROOT}/Target Support Files/Pods-FLIX-FLIXUITests/Pods-FLIX-FLIXUITests-frameworks.sh\"\n";
			showEnvVarsInLog = 0;
		};
		D69FF00BD1D816A10471A974 /* [CP] Check Pods Manifest.lock */ = {
			isa = PBXShellScriptBuildPhase;
			buildActionMask = 2147483647;
			files = (
			);
			inputFileListPaths = (
			);
			inputPaths = (
				"${PODS_PODFILE_DIR_PATH}/Podfile.lock",
				"${PODS_ROOT}/Manifest.lock",
			);
			name = "[CP] Check Pods Manifest.lock";
			outputFileListPaths = (
			);
			outputPaths = (
				"$(DERIVED_FILE_DIR)/Pods-FLIX-FLIXUITests-checkManifestLockResult.txt",
			);
			runOnlyForDeploymentPostprocessing = 0;
			shellPath = /bin/sh;
			shellScript = "diff \"${PODS_PODFILE_DIR_PATH}/Podfile.lock\" \"${PODS_ROOT}/Manifest.lock\" > /dev/null\nif [ $? != 0 ] ; then\n    # print error to STDERR\n    echo \"error: The sandbox is not in sync with the Podfile.lock. Run 'pod install' or update your CocoaPods installation.\" >&2\n    exit 1\nfi\n# This output is used by Xcode 'outputs' to avoid re-running this script phase.\necho \"SUCCESS\" > \"${SCRIPT_OUTPUT_FILE_0}\"\n";
			showEnvVarsInLog = 0;
		};
		D91E02DED58053124373C25B /* [CP] Check Pods Manifest.lock */ = {
			isa = PBXShellScriptBuildPhase;
			buildActionMask = 2147483647;
			files = (
			);
			inputFileListPaths = (
			);
			inputPaths = (
				"${PODS_PODFILE_DIR_PATH}/Podfile.lock",
				"${PODS_ROOT}/Manifest.lock",
			);
			name = "[CP] Check Pods Manifest.lock";
			outputFileListPaths = (
			);
			outputPaths = (
				"$(DERIVED_FILE_DIR)/Pods-FLIX-checkManifestLockResult.txt",
			);
			runOnlyForDeploymentPostprocessing = 0;
			shellPath = /bin/sh;
			shellScript = "diff \"${PODS_PODFILE_DIR_PATH}/Podfile.lock\" \"${PODS_ROOT}/Manifest.lock\" > /dev/null\nif [ $? != 0 ] ; then\n    # print error to STDERR\n    echo \"error: The sandbox is not in sync with the Podfile.lock. Run 'pod install' or update your CocoaPods installation.\" >&2\n    exit 1\nfi\n# This output is used by Xcode 'outputs' to avoid re-running this script phase.\necho \"SUCCESS\" > \"${SCRIPT_OUTPUT_FILE_0}\"\n";
			showEnvVarsInLog = 0;
		};
/* End PBXShellScriptBuildPhase section */

/* Begin PBXSourcesBuildPhase section */
		DA2B117C27CC2C0400B69DA3 /* Sources */ = {
			isa = PBXSourcesBuildPhase;
			buildActionMask = 2147483647;
			files = (
				DAE1C30927D5429B00EBB489 /* MovieDetailsViewController.swift in Sources */,
				DA2B118827CC2C0400B69DA3 /* MovieViewController.swift in Sources */,
				DA2B118427CC2C0400B69DA3 /* AppDelegate.swift in Sources */,
				DA2B11B827CC2F5200B69DA3 /* MovieCell.swift in Sources */,
				DA2B118627CC2C0400B69DA3 /* SceneDelegate.swift in Sources */,
				DAE1C30B27D54E4D00EBB489 /* MovieGridViewController.swift in Sources */,
				DAE1C30F27D5731D00EBB489 /* MovieGridCell.swift in Sources */,
			);
			runOnlyForDeploymentPostprocessing = 0;
		};
		DA2B119227CC2C0600B69DA3 /* Sources */ = {
			isa = PBXSourcesBuildPhase;
			buildActionMask = 2147483647;
			files = (
				DA2B119B27CC2C0600B69DA3 /* FLIXTests.swift in Sources */,
			);
			runOnlyForDeploymentPostprocessing = 0;
		};
		DA2B119C27CC2C0600B69DA3 /* Sources */ = {
			isa = PBXSourcesBuildPhase;
			buildActionMask = 2147483647;
			files = (
				DA2B11A527CC2C0600B69DA3 /* FLIXUITests.swift in Sources */,
				DA2B11A727CC2C0600B69DA3 /* FLIXUITestsLaunchTests.swift in Sources */,
			);
			runOnlyForDeploymentPostprocessing = 0;
		};
/* End PBXSourcesBuildPhase section */

/* Begin PBXTargetDependency section */
		DA2B119827CC2C0600B69DA3 /* PBXTargetDependency */ = {
			isa = PBXTargetDependency;
			target = DA2B117F27CC2C0400B69DA3 /* FLIX */;
			targetProxy = DA2B119727CC2C0600B69DA3 /* PBXContainerItemProxy */;
		};
		DA2B11A227CC2C0600B69DA3 /* PBXTargetDependency */ = {
			isa = PBXTargetDependency;
			target = DA2B117F27CC2C0400B69DA3 /* FLIX */;
			targetProxy = DA2B11A127CC2C0600B69DA3 /* PBXContainerItemProxy */;
		};
/* End PBXTargetDependency section */

/* Begin PBXVariantGroup section */
		DA2B118927CC2C0400B69DA3 /* Main.storyboard */ = {
			isa = PBXVariantGroup;
			children = (
				DA2B118A27CC2C0400B69DA3 /* Base */,
			);
			name = Main.storyboard;
			sourceTree = "<group>";
		};
		DA2B118E27CC2C0600B69DA3 /* LaunchScreen.storyboard */ = {
			isa = PBXVariantGroup;
			children = (
				DA2B118F27CC2C0600B69DA3 /* Base */,
			);
			name = LaunchScreen.storyboard;
			sourceTree = "<group>";
		};
/* End PBXVariantGroup section */

/* Begin XCBuildConfiguration section */
		DA2B11A827CC2C0600B69DA3 /* Debug */ = {
			isa = XCBuildConfiguration;
			buildSettings = {
				ALWAYS_SEARCH_USER_PATHS = NO;
				CLANG_ANALYZER_NONNULL = YES;
				CLANG_ANALYZER_NUMBER_OBJECT_CONVERSION = YES_AGGRESSIVE;
				CLANG_CXX_LANGUAGE_STANDARD = "gnu++17";
				CLANG_CXX_LIBRARY = "libc++";
				CLANG_ENABLE_MODULES = YES;
				CLANG_ENABLE_OBJC_ARC = YES;
				CLANG_ENABLE_OBJC_WEAK = YES;
				CLANG_WARN_BLOCK_CAPTURE_AUTORELEASING = YES;
				CLANG_WARN_BOOL_CONVERSION = YES;
				CLANG_WARN_COMMA = YES;
				CLANG_WARN_CONSTANT_CONVERSION = YES;
				CLANG_WARN_DEPRECATED_OBJC_IMPLEMENTATIONS = YES;
				CLANG_WARN_DIRECT_OBJC_ISA_USAGE = YES_ERROR;
				CLANG_WARN_DOCUMENTATION_COMMENTS = YES;
				CLANG_WARN_EMPTY_BODY = YES;
				CLANG_WARN_ENUM_CONVERSION = YES;
				CLANG_WARN_INFINITE_RECURSION = YES;
				CLANG_WARN_INT_CONVERSION = YES;
				CLANG_WARN_NON_LITERAL_NULL_CONVERSION = YES;
				CLANG_WARN_OBJC_IMPLICIT_RETAIN_SELF = YES;
				CLANG_WARN_OBJC_LITERAL_CONVERSION = YES;
				CLANG_WARN_OBJC_ROOT_CLASS = YES_ERROR;
				CLANG_WARN_QUOTED_INCLUDE_IN_FRAMEWORK_HEADER = YES;
				CLANG_WARN_RANGE_LOOP_ANALYSIS = YES;
				CLANG_WARN_STRICT_PROTOTYPES = YES;
				CLANG_WARN_SUSPICIOUS_MOVE = YES;
				CLANG_WARN_UNGUARDED_AVAILABILITY = YES_AGGRESSIVE;
				CLANG_WARN_UNREACHABLE_CODE = YES;
				CLANG_WARN__DUPLICATE_METHOD_MATCH = YES;
				COPY_PHASE_STRIP = NO;
				DEBUG_INFORMATION_FORMAT = dwarf;
				ENABLE_STRICT_OBJC_MSGSEND = YES;
				ENABLE_TESTABILITY = YES;
				GCC_C_LANGUAGE_STANDARD = gnu11;
				GCC_DYNAMIC_NO_PIC = NO;
				GCC_NO_COMMON_BLOCKS = YES;
				GCC_OPTIMIZATION_LEVEL = 0;
				GCC_PREPROCESSOR_DEFINITIONS = (
					"DEBUG=1",
					"$(inherited)",
				);
				GCC_WARN_64_TO_32_BIT_CONVERSION = YES;
				GCC_WARN_ABOUT_RETURN_TYPE = YES_ERROR;
				GCC_WARN_UNDECLARED_SELECTOR = YES;
				GCC_WARN_UNINITIALIZED_AUTOS = YES_AGGRESSIVE;
				GCC_WARN_UNUSED_FUNCTION = YES;
				GCC_WARN_UNUSED_VARIABLE = YES;
				IPHONEOS_DEPLOYMENT_TARGET = 15.2;
				MTL_ENABLE_DEBUG_INFO = INCLUDE_SOURCE;
				MTL_FAST_MATH = YES;
				ONLY_ACTIVE_ARCH = YES;
				SDKROOT = iphoneos;
				SWIFT_ACTIVE_COMPILATION_CONDITIONS = DEBUG;
				SWIFT_OPTIMIZATION_LEVEL = "-Onone";
			};
			name = Debug;
		};
		DA2B11A927CC2C0600B69DA3 /* Release */ = {
			isa = XCBuildConfiguration;
			buildSettings = {
				ALWAYS_SEARCH_USER_PATHS = NO;
				CLANG_ANALYZER_NONNULL = YES;
				CLANG_ANALYZER_NUMBER_OBJECT_CONVERSION = YES_AGGRESSIVE;
				CLANG_CXX_LANGUAGE_STANDARD = "gnu++17";
				CLANG_CXX_LIBRARY = "libc++";
				CLANG_ENABLE_MODULES = YES;
				CLANG_ENABLE_OBJC_ARC = YES;
				CLANG_ENABLE_OBJC_WEAK = YES;
				CLANG_WARN_BLOCK_CAPTURE_AUTORELEASING = YES;
				CLANG_WARN_BOOL_CONVERSION = YES;
				CLANG_WARN_COMMA = YES;
				CLANG_WARN_CONSTANT_CONVERSION = YES;
				CLANG_WARN_DEPRECATED_OBJC_IMPLEMENTATIONS = YES;
				CLANG_WARN_DIRECT_OBJC_ISA_USAGE = YES_ERROR;
				CLANG_WARN_DOCUMENTATION_COMMENTS = YES;
				CLANG_WARN_EMPTY_BODY = YES;
				CLANG_WARN_ENUM_CONVERSION = YES;
				CLANG_WARN_INFINITE_RECURSION = YES;
				CLANG_WARN_INT_CONVERSION = YES;
				CLANG_WARN_NON_LITERAL_NULL_CONVERSION = YES;
				CLANG_WARN_OBJC_IMPLICIT_RETAIN_SELF = YES;
				CLANG_WARN_OBJC_LITERAL_CONVERSION = YES;
				CLANG_WARN_OBJC_ROOT_CLASS = YES_ERROR;
				CLANG_WARN_QUOTED_INCLUDE_IN_FRAMEWORK_HEADER = YES;
				CLANG_WARN_RANGE_LOOP_ANALYSIS = YES;
				CLANG_WARN_STRICT_PROTOTYPES = YES;
				CLANG_WARN_SUSPICIOUS_MOVE = YES;
				CLANG_WARN_UNGUARDED_AVAILABILITY = YES_AGGRESSIVE;
				CLANG_WARN_UNREACHABLE_CODE = YES;
				CLANG_WARN__DUPLICATE_METHOD_MATCH = YES;
				COPY_PHASE_STRIP = NO;
				DEBUG_INFORMATION_FORMAT = "dwarf-with-dsym";
				ENABLE_NS_ASSERTIONS = NO;
				ENABLE_STRICT_OBJC_MSGSEND = YES;
				GCC_C_LANGUAGE_STANDARD = gnu11;
				GCC_NO_COMMON_BLOCKS = YES;
				GCC_WARN_64_TO_32_BIT_CONVERSION = YES;
				GCC_WARN_ABOUT_RETURN_TYPE = YES_ERROR;
				GCC_WARN_UNDECLARED_SELECTOR = YES;
				GCC_WARN_UNINITIALIZED_AUTOS = YES_AGGRESSIVE;
				GCC_WARN_UNUSED_FUNCTION = YES;
				GCC_WARN_UNUSED_VARIABLE = YES;
				IPHONEOS_DEPLOYMENT_TARGET = 15.2;
				MTL_ENABLE_DEBUG_INFO = NO;
				MTL_FAST_MATH = YES;
				SDKROOT = iphoneos;
				SWIFT_COMPILATION_MODE = wholemodule;
				SWIFT_OPTIMIZATION_LEVEL = "-O";
				VALIDATE_PRODUCT = YES;
			};
			name = Release;
		};
		DA2B11AB27CC2C0600B69DA3 /* Debug */ = {
			isa = XCBuildConfiguration;
			baseConfigurationReference = 74995A1009DC295FCAAB836F /* Pods-FLIX.debug.xcconfig */;
			buildSettings = {
				ASSETCATALOG_COMPILER_APPICON_NAME = AppIcon;
				ASSETCATALOG_COMPILER_GLOBAL_ACCENT_COLOR_NAME = AccentColor;
				CODE_SIGN_STYLE = Automatic;
				CURRENT_PROJECT_VERSION = 1;
				GENERATE_INFOPLIST_FILE = YES;
				INFOPLIST_FILE = FLIX/Info.plist;
				INFOPLIST_KEY_CFBundleDisplayName = FLIX;
				INFOPLIST_KEY_UIApplicationSupportsIndirectInputEvents = YES;
				INFOPLIST_KEY_UILaunchStoryboardName = LaunchScreen;
				INFOPLIST_KEY_UIMainStoryboardFile = Main;
				INFOPLIST_KEY_UISupportedInterfaceOrientations_iPad = "UIInterfaceOrientationPortrait UIInterfaceOrientationPortraitUpsideDown UIInterfaceOrientationLandscapeLeft UIInterfaceOrientationLandscapeRight";
				INFOPLIST_KEY_UISupportedInterfaceOrientations_iPhone = "UIInterfaceOrientationPortrait UIInterfaceOrientationLandscapeLeft UIInterfaceOrientationLandscapeRight";
				LD_RUNPATH_SEARCH_PATHS = (
					"$(inherited)",
					"@executable_path/Frameworks",
				);
				MARKETING_VERSION = 1.0;
				PRODUCT_BUNDLE_IDENTIFIER = Home.FLIX;
				PRODUCT_NAME = "$(TARGET_NAME)";
				SWIFT_EMIT_LOC_STRINGS = YES;
				SWIFT_VERSION = 5.0;
				TARGETED_DEVICE_FAMILY = "1,2";
			};
			name = Debug;
		};
		DA2B11AC27CC2C0600B69DA3 /* Release */ = {
			isa = XCBuildConfiguration;
			baseConfigurationReference = 82E9AA0D0FFACE4FD2BF2E79 /* Pods-FLIX.release.xcconfig */;
			buildSettings = {
				ASSETCATALOG_COMPILER_APPICON_NAME = AppIcon;
				ASSETCATALOG_COMPILER_GLOBAL_ACCENT_COLOR_NAME = AccentColor;
				CODE_SIGN_STYLE = Automatic;
				CURRENT_PROJECT_VERSION = 1;
				GENERATE_INFOPLIST_FILE = YES;
				INFOPLIST_FILE = FLIX/Info.plist;
				INFOPLIST_KEY_CFBundleDisplayName = FLIX;
				INFOPLIST_KEY_UIApplicationSupportsIndirectInputEvents = YES;
				INFOPLIST_KEY_UILaunchStoryboardName = LaunchScreen;
				INFOPLIST_KEY_UIMainStoryboardFile = Main;
				INFOPLIST_KEY_UISupportedInterfaceOrientations_iPad = "UIInterfaceOrientationPortrait UIInterfaceOrientationPortraitUpsideDown UIInterfaceOrientationLandscapeLeft UIInterfaceOrientationLandscapeRight";
				INFOPLIST_KEY_UISupportedInterfaceOrientations_iPhone = "UIInterfaceOrientationPortrait UIInterfaceOrientationLandscapeLeft UIInterfaceOrientationLandscapeRight";
				LD_RUNPATH_SEARCH_PATHS = (
					"$(inherited)",
					"@executable_path/Frameworks",
				);
				MARKETING_VERSION = 1.0;
				PRODUCT_BUNDLE_IDENTIFIER = Home.FLIX;
				PRODUCT_NAME = "$(TARGET_NAME)";
				SWIFT_EMIT_LOC_STRINGS = YES;
				SWIFT_VERSION = 5.0;
				TARGETED_DEVICE_FAMILY = "1,2";
			};
			name = Release;
		};
		DA2B11AE27CC2C0600B69DA3 /* Debug */ = {
			isa = XCBuildConfiguration;
			baseConfigurationReference = 812E114AE679E75879FFFE32 /* Pods-FLIXTests.debug.xcconfig */;
			buildSettings = {
				ALWAYS_EMBED_SWIFT_STANDARD_LIBRARIES = YES;
				BUNDLE_LOADER = "$(TEST_HOST)";
				CODE_SIGN_STYLE = Automatic;
				CURRENT_PROJECT_VERSION = 1;
				GENERATE_INFOPLIST_FILE = YES;
				IPHONEOS_DEPLOYMENT_TARGET = 15.2;
				MARKETING_VERSION = 1.0;
				PRODUCT_BUNDLE_IDENTIFIER = Home.FLIXTests;
				PRODUCT_NAME = "$(TARGET_NAME)";
				SWIFT_EMIT_LOC_STRINGS = NO;
				SWIFT_VERSION = 5.0;
				TARGETED_DEVICE_FAMILY = "1,2";
				TEST_HOST = "$(BUILT_PRODUCTS_DIR)/FLIX.app/FLIX";
			};
			name = Debug;
		};
		DA2B11AF27CC2C0600B69DA3 /* Release */ = {
			isa = XCBuildConfiguration;
			baseConfigurationReference = 494A6A1618EE8D78064673B2 /* Pods-FLIXTests.release.xcconfig */;
			buildSettings = {
				ALWAYS_EMBED_SWIFT_STANDARD_LIBRARIES = YES;
				BUNDLE_LOADER = "$(TEST_HOST)";
				CODE_SIGN_STYLE = Automatic;
				CURRENT_PROJECT_VERSION = 1;
				GENERATE_INFOPLIST_FILE = YES;
				IPHONEOS_DEPLOYMENT_TARGET = 15.2;
				MARKETING_VERSION = 1.0;
				PRODUCT_BUNDLE_IDENTIFIER = Home.FLIXTests;
				PRODUCT_NAME = "$(TARGET_NAME)";
				SWIFT_EMIT_LOC_STRINGS = NO;
				SWIFT_VERSION = 5.0;
				TARGETED_DEVICE_FAMILY = "1,2";
				TEST_HOST = "$(BUILT_PRODUCTS_DIR)/FLIX.app/FLIX";
			};
			name = Release;
		};
		DA2B11B127CC2C0600B69DA3 /* Debug */ = {
			isa = XCBuildConfiguration;
			baseConfigurationReference = 108A343A17843C92554D4216 /* Pods-FLIX-FLIXUITests.debug.xcconfig */;
			buildSettings = {
				ALWAYS_EMBED_SWIFT_STANDARD_LIBRARIES = YES;
				CODE_SIGN_STYLE = Automatic;
				CURRENT_PROJECT_VERSION = 1;
				GENERATE_INFOPLIST_FILE = YES;
				MARKETING_VERSION = 1.0;
				PRODUCT_BUNDLE_IDENTIFIER = Home.FLIXUITests;
				PRODUCT_NAME = "$(TARGET_NAME)";
				SWIFT_EMIT_LOC_STRINGS = NO;
				SWIFT_VERSION = 5.0;
				TARGETED_DEVICE_FAMILY = "1,2";
				TEST_TARGET_NAME = FLIX;
			};
			name = Debug;
		};
		DA2B11B227CC2C0600B69DA3 /* Release */ = {
			isa = XCBuildConfiguration;
			baseConfigurationReference = CB4AEB8EBAD8C209E45F2099 /* Pods-FLIX-FLIXUITests.release.xcconfig */;
			buildSettings = {
				ALWAYS_EMBED_SWIFT_STANDARD_LIBRARIES = YES;
				CODE_SIGN_STYLE = Automatic;
				CURRENT_PROJECT_VERSION = 1;
				GENERATE_INFOPLIST_FILE = YES;
				MARKETING_VERSION = 1.0;
				PRODUCT_BUNDLE_IDENTIFIER = Home.FLIXUITests;
				PRODUCT_NAME = "$(TARGET_NAME)";
				SWIFT_EMIT_LOC_STRINGS = NO;
				SWIFT_VERSION = 5.0;
				TARGETED_DEVICE_FAMILY = "1,2";
				TEST_TARGET_NAME = FLIX;
			};
			name = Release;
		};
/* End XCBuildConfiguration section */

/* Begin XCConfigurationList section */
		DA2B117B27CC2C0400B69DA3 /* Build configuration list for PBXProject "FLIX" */ = {
			isa = XCConfigurationList;
			buildConfigurations = (
				DA2B11A827CC2C0600B69DA3 /* Debug */,
				DA2B11A927CC2C0600B69DA3 /* Release */,
			);
			defaultConfigurationIsVisible = 0;
			defaultConfigurationName = Release;
		};
		DA2B11AA27CC2C0600B69DA3 /* Build configuration list for PBXNativeTarget "FLIX" */ = {
			isa = XCConfigurationList;
			buildConfigurations = (
				DA2B11AB27CC2C0600B69DA3 /* Debug */,
				DA2B11AC27CC2C0600B69DA3 /* Release */,
			);
			defaultConfigurationIsVisible = 0;
			defaultConfigurationName = Release;
		};
		DA2B11AD27CC2C0600B69DA3 /* Build configuration list for PBXNativeTarget "FLIXTests" */ = {
			isa = XCConfigurationList;
			buildConfigurations = (
				DA2B11AE27CC2C0600B69DA3 /* Debug */,
				DA2B11AF27CC2C0600B69DA3 /* Release */,
			);
			defaultConfigurationIsVisible = 0;
			defaultConfigurationName = Release;
		};
		DA2B11B027CC2C0600B69DA3 /* Build configuration list for PBXNativeTarget "FLIXUITests" */ = {
			isa = XCConfigurationList;
			buildConfigurations = (
				DA2B11B127CC2C0600B69DA3 /* Debug */,
				DA2B11B227CC2C0600B69DA3 /* Release */,
			);
			defaultConfigurationIsVisible = 0;
			defaultConfigurationName = Release;
		};
/* End XCConfigurationList section */

/* Begin XCRemoteSwiftPackageReference section */
		DA2B11B927CC35FA00B69DA3 /* XCRemoteSwiftPackageReference "AlamofireImage" */ = {
			isa = XCRemoteSwiftPackageReference;
			repositoryURL = "https://github.com/Alamofire/AlamofireImage";
			requirement = {
				kind = upToNextMajorVersion;
				minimumVersion = 4.0.0;
			};
		};
/* End XCRemoteSwiftPackageReference section */

/* Begin XCSwiftPackageProductDependency section */
		DA2B11BA27CC35FB00B69DA3 /* AlamofireImage */ = {
			isa = XCSwiftPackageProductDependency;
			package = DA2B11B927CC35FA00B69DA3 /* XCRemoteSwiftPackageReference "AlamofireImage" */;
			productName = AlamofireImage;
		};
/* End XCSwiftPackageProductDependency section */
	};
	rootObject = DA2B117827CC2C0400B69DA3 /* Project object */;
}
